
Microsoft Visual Studio Solution File, Format Version 12.00
# Visual Studio 15
VisualStudioVersion = 15.0.28307.572
MinimumVisualStudioVersion = 10.0.40219.1
Project("{FAE04EC0-301F-11D3-BF4B-00C04F79EFBC}") = "MyCafe", "MyCafe\MyCafe.csproj", "{20253806-DD25-49D4-A372-380DB4FEAA4D}"
EndProject
Global
	GlobalSection(SolutionConfigurationPlatforms) = preSolution
		Debug|Any CPU = Debug|Any CPU
		Release|Any CPU = Release|Any CPU
	EndGlobalSection
	GlobalSection(ProjectConfigurationPlatforms) = postSolution
		{20253806-DD25-49D4-A372-380DB4FEAA4D}.Debug|Any CPU.ActiveCfg = Debug|Any CPU
		{20253806-DD25-49D4-A372-380DB4FEAA4D}.Debug|Any CPU.Build.0 = Debug|Any CPU
		{20253806-DD25-49D4-A372-380DB4FEAA4D}.Release|Any CPU.ActiveCfg = Release|Any CPU
		{20253806-DD25-49D4-A372-380DB4FEAA4D}.Release|Any CPU.Build.0 = Release|Any CPU
	EndGlobalSection
	GlobalSection(SolutionProperties) = preSolution
		HideSolutionNode = FALSE
	EndGlobalSection
	GlobalSection(ExtensibilityGlobals) = postSolution
		SolutionGuid = {3F99CC00-96A4-4050-A3AC-AEE043FB63E0}
	EndGlobalSection
EndGlobal
